
Microsoft Visual Studio Solution File, Format Version 12.00
# Visual Studio Version 17
VisualStudioVersion = 17.0.31903.59
MinimumVisualStudioVersion = 10.0.40219.1
Project("{FAE04EC0-301F-11D3-BF4B-00C04F79EFBC}") = "RoiMcp.ReadOnlyGate", "RoiMcp.ReadOnlyGate\RoiMcp.ReadOnlyGate.csproj", "{1288B81F-D42C-4605-8253-9819C4DBB6D5}"
EndProject
Project("{FAE04EC0-301F-11D3-BF4B-00C04F79EFBC}") = "RoiMcp.ReadOnlyGate.Tests", "RoiMcp.ReadOnlyGate.Tests\RoiMcp.ReadOnlyGate.Tests.csproj", "{CCC7CB28-E225-4D71-B400-1F313773559F}"
EndProject
Global
	GlobalSection(SolutionConfigurationPlatforms) = preSolution
		Debug|Any CPU = Debug|Any CPU
		Debug|x64 = Debug|x64
		Debug|x86 = Debug|x86
		Release|Any CPU = Release|Any CPU
		Release|x64 = Release|x64
		Release|x86 = Release|x86
	EndGlobalSection
	GlobalSection(ProjectConfigurationPlatforms) = postSolution
		{1288B81F-D42C-4605-8253-9819C4DBB6D5}.Debug|Any CPU.ActiveCfg = Debug|Any CPU
		{1288B81F-D42C-4605-8253-9819C4DBB6D5}.Debug|Any CPU.Build.0 = Debug|Any CPU
		{1288B81F-D42C-4605-8253-9819C4DBB6D5}.Debug|x64.ActiveCfg = Debug|Any CPU
		{1288B81F-D42C-4605-8253-9819C4DBB6D5}.Debug|x64.Build.0 = Debug|Any CPU
		{1288B81F-D42C-4605-8253-9819C4DBB6D5}.Debug|x86.ActiveCfg = Debug|Any CPU
		{1288B81F-D42C-4605-8253-9819C4DBB6D5}.Debug|x86.Build.0 = Debug|Any CPU
		{1288B81F-D42C-4605-8253-9819C4DBB6D5}.Release|Any CPU.ActiveCfg = Release|Any CPU
		{1288B81F-D42C-4605-8253-9819C4DBB6D5}.Release|Any CPU.Build.0 = Release|Any CPU
		{1288B81F-D42C-4605-8253-9819C4DBB6D5}.Release|x64.ActiveCfg = Release|Any CPU
		{1288B81F-D42C-4605-8253-9819C4DBB6D5}.Release|x64.Build.0 = Release|Any CPU
		{1288B81F-D42C-4605-8253-9819C4DBB6D5}.Release|x86.ActiveCfg = Release|Any CPU
		{1288B81F-D42C-4605-8253-9819C4DBB6D5}.Release|x86.Build.0 = Release|Any CPU
		{CCC7CB28-E225-4D71-B400-1F313773559F}.Debug|Any CPU.ActiveCfg = Debug|Any CPU
		{CCC7CB28-E225-4D71-B400-1F313773559F}.Debug|Any CPU.Build.0 = Debug|Any CPU
		{CCC7CB28-E225-4D71-B400-1F313773559F}.Debug|x64.ActiveCfg = Debug|Any CPU
		{CCC7CB28-E225-4D71-B400-1F313773559F}.Debug|x64.Build.0 = Debug|Any CPU
		{CCC7CB28-E225-4D71-B400-1F313773559F}.Debug|x86.ActiveCfg = Debug|Any CPU
		{CCC7CB28-E225-4D71-B400-1F313773559F}.Debug|x86.Build.0 = Debug|Any CPU
		{CCC7CB28-E225-4D71-B400-1F313773559F}.Release|Any CPU.ActiveCfg = Release|Any CPU
		{CCC7CB28-E225-4D71-B400-1F313773559F}.Release|Any CPU.Build.0 = Release|Any CPU
		{CCC7CB28-E225-4D71-B400-1F313773559F}.Release|x64.ActiveCfg = Release|Any CPU
		{CCC7CB28-E225-4D71-B400-1F313773559F}.Release|x64.Build.0 = Release|Any CPU
		{CCC7CB28-E225-4D71-B400-1F313773559F}.Release|x86.ActiveCfg = Release|Any CPU
		{CCC7CB28-E225-4D71-B400-1F313773559F}.Release|x86.Build.0 = Release|Any CPU
	EndGlobalSection
	GlobalSection(SolutionProperties) = preSolution
		HideSolutionNode = FALSE
	EndGlobalSection
EndGlobal
